
Microsoft Visual Studio Solution File, Format Version 11.00
# Visual Studio 2010
Project("{8BC9CEB8-8B4A-11D0-8D11-00A0C91BC942}") = "protected_update_data_set", "protected_update_data_set.vcxproj", "{54690D97-3F9D-4348-A9EE-E4879B35DBE4}"
EndProject
Global
	GlobalSection(SolutionConfigurationPlatforms) = preSolution
		Debug|Win32 = Debug|Win32
		Release|Win32 = Release|Win32
	EndGlobalSection
	GlobalSection(ProjectConfigurationPlatforms) = postSolution
		{54690D97-3F9D-4348-A9EE-E4879B35DBE4}.Debug|Win32.ActiveCfg = Debug|Win32
		{54690D97-3F9D-4348-A9EE-E4879B35DBE4}.Debug|Win32.Build.0 = Debug|Win32
		{54690D97-3F9D-4348-A9EE-E4879B35DBE4}.Release|Win32.ActiveCfg = Release|Win32
		{54690D97-3F9D-4348-A9EE-E4879B35DBE4}.Release|Win32.Build.0 = Release|Win32
	EndGlobalSection
	GlobalSection(SolutionProperties) = preSolution
		HideSolutionNode = FALSE
	EndGlobalSection
EndGlobal
